
Microsoft Visual Studio Solution File, Format Version 12.00
# Visual Studio 15
VisualStudioVersion = 15.0.28010.2048
MinimumVisualStudioVersion = 10.0.40219.1
Project("{8BC9CEB8-8B4A-11D0-8D11-00A0C91BC942}") = "Eagle", "Eagle\Eagle.vcxproj", "{CE076015-01DE-438B-8FBA-DFE66F8D3F90}"
EndProject
Global
	GlobalSection(SolutionConfigurationPlatforms) = preSolution
		Debug|x64 = Debug|x64
		Debug|x86 = Debug|x86
		Release|x64 = Release|x64
		Release|x86 = Release|x86
	EndGlobalSection
	GlobalSection(ProjectConfigurationPlatforms) = postSolution
		{CE076015-01DE-438B-8FBA-DFE66F8D3F90}.Debug|x64.ActiveCfg = Debug|x64
		{CE076015-01DE-438B-8FBA-DFE66F8D3F90}.Debug|x64.Build.0 = Debug|x64
		{CE076015-01DE-438B-8FBA-DFE66F8D3F90}.Debug|x86.ActiveCfg = Debug|Win32
		{CE076015-01DE-438B-8FBA-DFE66F8D3F90}.Debug|x86.Build.0 = Debug|Win32
		{CE076015-01DE-438B-8FBA-DFE66F8D3F90}.Release|x64.ActiveCfg = Release|x64
		{CE076015-01DE-438B-8FBA-DFE66F8D3F90}.Release|x64.Build.0 = Release|x64
		{CE076015-01DE-438B-8FBA-DFE66F8D3F90}.Release|x86.ActiveCfg = Release|Win32
		{CE076015-01DE-438B-8FBA-DFE66F8D3F90}.Release|x86.Build.0 = Release|Win32
	EndGlobalSection
	GlobalSection(SolutionProperties) = preSolution
		HideSolutionNode = FALSE
	EndGlobalSection
	GlobalSection(ExtensibilityGlobals) = postSolution
		SolutionGuid = {25F5621E-0010-432E-930E-752ACA982FAD}
	EndGlobalSection
EndGlobal
